
Microsoft Visual Studio Solution File, Format Version 12.00
# Visual Studio Version 17
VisualStudioVersion = 17.3.32929.385
MinimumVisualStudioVersion = 10.0.40219.1
Project("{9A19103F-16F7-4668-BE54-9A1E7A4F7556}") = "GenerateCifApi", "..\..\kafka\KafkaPoc\CustomerOnboardingStep2\GenerateCifApi\GenerateCifApi.csproj", "{6FCF6368-FBCD-41EB-B1BB-5D3EA42B77C5}"
EndProject
Global
	GlobalSection(SolutionConfigurationPlatforms) = preSolution
		Debug|Any CPU = Debug|Any CPU
		Release|Any CPU = Release|Any CPU
	EndGlobalSection
	GlobalSection(ProjectConfigurationPlatforms) = postSolution
		{6FCF6368-FBCD-41EB-B1BB-5D3EA42B77C5}.Debug|Any CPU.ActiveCfg = Debug|Any CPU
		{6FCF6368-FBCD-41EB-B1BB-5D3EA42B77C5}.Debug|Any CPU.Build.0 = Debug|Any CPU
		{6FCF6368-FBCD-41EB-B1BB-5D3EA42B77C5}.Release|Any CPU.ActiveCfg = Release|Any CPU
		{6FCF6368-FBCD-41EB-B1BB-5D3EA42B77C5}.Release|Any CPU.Build.0 = Release|Any CPU
	EndGlobalSection
	GlobalSection(SolutionProperties) = preSolution
		HideSolutionNode = FALSE
	EndGlobalSection
	GlobalSection(ExtensibilityGlobals) = postSolution
		SolutionGuid = {3D029700-0EB0-4255-A22C-DB8ED8D506EF}
	EndGlobalSection
EndGlobal
